{
    "_meta": {
        "hash": {
            "sha256": "3d3f62b35ebfa21ce2675c440194ee2d6e777251c19b8090cd27af0e7a30bce8"
        },
        "pipfile-spec": 6,
        "requires": {
            "python_version": "3.8"
        },
        "sources": [
            {
                "name": "pypi",
                "url": "https://pypi.python.org/simple",
                "verify_ssl": true
            }
        ]
    },
    "default": {
        "texttable": {
            "hashes": [
                "sha256:ce0faf21aa77d806bbff22b107cc22cce68dc9438f97a2df32c93e9afa4ce436",
                "sha256:f802f2ef8459058736264210f716c757cbf85007a30886d8541aa8c3404f1dda"
            ],
            "index": "pypi",
            "version": "==1.6.3"
        }
    },
    "develop": {}
}
